
Microsoft Visual Studio Solution File, Format Version 12.00
# Visual Studio 2012
Project("{FAE04EC0-301F-11D3-BF4B-00C04F79EFBC}") = "LargestProduct", "LargestProduct\LargestProduct.csproj", "{319CE29C-9D32-417C-B406-77B454F7AF5F}"
EndProject
Global
	GlobalSection(SolutionConfigurationPlatforms) = preSolution
		Debug|Any CPU = Debug|Any CPU
		Release|Any CPU = Release|Any CPU
	EndGlobalSection
	GlobalSection(ProjectConfigurationPlatforms) = postSolution
		{319CE29C-9D32-417C-B406-77B454F7AF5F}.Debug|Any CPU.ActiveCfg = Debug|Any CPU
		{319CE29C-9D32-417C-B406-77B454F7AF5F}.Debug|Any CPU.Build.0 = Debug|Any CPU
		{319CE29C-9D32-417C-B406-77B454F7AF5F}.Release|Any CPU.ActiveCfg = Release|Any CPU
		{319CE29C-9D32-417C-B406-77B454F7AF5F}.Release|Any CPU.Build.0 = Release|Any CPU
	EndGlobalSection
	GlobalSection(SolutionProperties) = preSolution
		HideSolutionNode = FALSE
	EndGlobalSection
EndGlobal
