
Microsoft Visual Studio Solution File, Format Version 12.00
# Visual Studio 2012
Project("{FAE04EC0-301F-11D3-BF4B-00C04F79EFBC}") = "BigSum", "BigSum\BigSum.csproj", "{0B5B7A09-DF56-4888-8A0F-9E6713DB0607}"
EndProject
Global
	GlobalSection(SolutionConfigurationPlatforms) = preSolution
		Debug|Any CPU = Debug|Any CPU
		Release|Any CPU = Release|Any CPU
	EndGlobalSection
	GlobalSection(ProjectConfigurationPlatforms) = postSolution
		{0B5B7A09-DF56-4888-8A0F-9E6713DB0607}.Debug|Any CPU.ActiveCfg = Debug|Any CPU
		{0B5B7A09-DF56-4888-8A0F-9E6713DB0607}.Debug|Any CPU.Build.0 = Debug|Any CPU
		{0B5B7A09-DF56-4888-8A0F-9E6713DB0607}.Release|Any CPU.ActiveCfg = Release|Any CPU
		{0B5B7A09-DF56-4888-8A0F-9E6713DB0607}.Release|Any CPU.Build.0 = Release|Any CPU
	EndGlobalSection
	GlobalSection(SolutionProperties) = preSolution
		HideSolutionNode = FALSE
	EndGlobalSection
EndGlobal
