
Microsoft Visual Studio Solution File, Format Version 12.00
# Visual Studio 2012
Project("{FAE04EC0-301F-11D3-BF4B-00C04F79EFBC}") = "Interfaces", "Interfaces\Interfaces.csproj", "{FBF8961F-DE34-45DE-8BBC-FC49A9412AB9}"
EndProject
Global
	GlobalSection(SolutionConfigurationPlatforms) = preSolution
		Debug|Any CPU = Debug|Any CPU
		Release|Any CPU = Release|Any CPU
	EndGlobalSection
	GlobalSection(ProjectConfigurationPlatforms) = postSolution
		{FBF8961F-DE34-45DE-8BBC-FC49A9412AB9}.Debug|Any CPU.ActiveCfg = Debug|Any CPU
		{FBF8961F-DE34-45DE-8BBC-FC49A9412AB9}.Debug|Any CPU.Build.0 = Debug|Any CPU
		{FBF8961F-DE34-45DE-8BBC-FC49A9412AB9}.Release|Any CPU.ActiveCfg = Release|Any CPU
		{FBF8961F-DE34-45DE-8BBC-FC49A9412AB9}.Release|Any CPU.Build.0 = Release|Any CPU
	EndGlobalSection
	GlobalSection(SolutionProperties) = preSolution
		HideSolutionNode = FALSE
	EndGlobalSection
EndGlobal
