
Microsoft Visual Studio Solution File, Format Version 12.00
# Visual Studio 2012
Project("{FAE04EC0-301F-11D3-BF4B-00C04F79EFBC}") = "Number Letter Counts", "Number Letter Counts\Number Letter Counts.csproj", "{39083286-8954-427D-9156-08EF06449AE6}"
EndProject
Global
	GlobalSection(SolutionConfigurationPlatforms) = preSolution
		Debug|Any CPU = Debug|Any CPU
		Release|Any CPU = Release|Any CPU
	EndGlobalSection
	GlobalSection(ProjectConfigurationPlatforms) = postSolution
		{39083286-8954-427D-9156-08EF06449AE6}.Debug|Any CPU.ActiveCfg = Debug|Any CPU
		{39083286-8954-427D-9156-08EF06449AE6}.Debug|Any CPU.Build.0 = Debug|Any CPU
		{39083286-8954-427D-9156-08EF06449AE6}.Release|Any CPU.ActiveCfg = Release|Any CPU
		{39083286-8954-427D-9156-08EF06449AE6}.Release|Any CPU.Build.0 = Release|Any CPU
	EndGlobalSection
	GlobalSection(SolutionProperties) = preSolution
		HideSolutionNode = FALSE
	EndGlobalSection
EndGlobal
